
Microsoft Visual Studio Solution File, Format Version 12.00
# Visual Studio Version 17
VisualStudioVersion = 17.14.36414.22
MinimumVisualStudioVersion = 10.0.40219.1
Project("{FAE04EC0-301F-11D3-BF4B-00C04F79EFBC}") = "Enhanced Handbook", "Handbook Categories\Handbook Categories\Enhanced Handbook.csproj", "{999DD2AE-250C-4C88-AAD1-9083C04B89B0}"
EndProject
Project("{FAE04EC0-301F-11D3-BF4B-00C04F79EFBC}") = "CakeBuild", "Handbook Categories\ZZCakeBuild\CakeBuild.csproj", "{B82F0D4C-543C-4065-8957-F0C7C65D7DF3}"
EndProject
Global
	GlobalSection(SolutionConfigurationPlatforms) = preSolution
		Debug|Any CPU = Debug|Any CPU
		Release|Any CPU = Release|Any CPU
	EndGlobalSection
	GlobalSection(ProjectConfigurationPlatforms) = postSolution
		{999DD2AE-250C-4C88-AAD1-9083C04B89B0}.Debug|Any CPU.ActiveCfg = Debug|Any CPU
		{999DD2AE-250C-4C88-AAD1-9083C04B89B0}.Debug|Any CPU.Build.0 = Debug|Any CPU
		{999DD2AE-250C-4C88-AAD1-9083C04B89B0}.Release|Any CPU.ActiveCfg = Release|Any CPU
		{999DD2AE-250C-4C88-AAD1-9083C04B89B0}.Release|Any CPU.Build.0 = Release|Any CPU
		{B82F0D4C-543C-4065-8957-F0C7C65D7DF3}.Debug|Any CPU.ActiveCfg = Debug|Any CPU
		{B82F0D4C-543C-4065-8957-F0C7C65D7DF3}.Debug|Any CPU.Build.0 = Debug|Any CPU
		{B82F0D4C-543C-4065-8957-F0C7C65D7DF3}.Release|Any CPU.ActiveCfg = Release|Any CPU
		{B82F0D4C-543C-4065-8957-F0C7C65D7DF3}.Release|Any CPU.Build.0 = Release|Any CPU
	EndGlobalSection
	GlobalSection(SolutionProperties) = preSolution
		HideSolutionNode = FALSE
	EndGlobalSection
	GlobalSection(ExtensibilityGlobals) = postSolution
		SolutionGuid = {0BFDFBB7-528D-4717-87B4-6CF4A9ABF365}
	EndGlobalSection
EndGlobal
